# @generated - this file is auto-generated by `mise lock` https://mise.jdx.dev/dev-tools/mise-lock.html

[[tools."ubi:huacnlee/autocorrect"]]
version = "2.14.0"
backend = "ubi:huacnlee/autocorrect"

[tools."ubi:huacnlee/autocorrect"."platforms.linux-arm64-autocorrect"]
checksum = "blake3:5431e3e432850959539fdc896d508f4559e237f36783126ea37cfd2eb851d26e"
